
Microsoft Visual Studio Solution File, Format Version 12.00
# Visual Studio Version 17
VisualStudioVersion = 17.8.34316.72
MinimumVisualStudioVersion = 10.0.40219.1
Project("{FAE04EC0-301F-11D3-BF4B-00C04F79EFBC}") = "Shopping_Card_2", "Shopping_Card_2\Shopping_Card_2.csproj", "{888F167C-80AB-4537-B1A1-727F5733542F}"
EndProject
Global
	GlobalSection(SolutionConfigurationPlatforms) = preSolution
		Debug|Any CPU = Debug|Any CPU
		Release|Any CPU = Release|Any CPU
	EndGlobalSection
	GlobalSection(ProjectConfigurationPlatforms) = postSolution
		{888F167C-80AB-4537-B1A1-727F5733542F}.Debug|Any CPU.ActiveCfg = Debug|Any CPU
		{888F167C-80AB-4537-B1A1-727F5733542F}.Debug|Any CPU.Build.0 = Debug|Any CPU
		{888F167C-80AB-4537-B1A1-727F5733542F}.Release|Any CPU.ActiveCfg = Release|Any CPU
		{888F167C-80AB-4537-B1A1-727F5733542F}.Release|Any CPU.Build.0 = Release|Any CPU
	EndGlobalSection
	GlobalSection(SolutionProperties) = preSolution
		HideSolutionNode = FALSE
	EndGlobalSection
	GlobalSection(ExtensibilityGlobals) = postSolution
		SolutionGuid = {92622B84-A461-4B68-96F6-3174EDAC611D}
	EndGlobalSection
EndGlobal
